// !$*UTF8*$!
{
	archiveVersion = 1;
	classes = {
	};
	objectVersion = 51;
	objects = {

/* Begin PBXBuildFile section */
		22EB4052A537031A48C97AB2 /* Pods_camera_poc.framework in Frameworks */ = {isa = PBXBuildFile; fileRef = 45D943B92752F14B43E8410A /* Pods_camera_poc.framework */; };
		630908542667F51E005CC22D /* CameraPreviewView.swift in Sources */ = {isa = PBXBuildFile; fileRef = 630908532667F51E005CC22D /* CameraPreviewView.swift */; };
		630908562667F85D005CC22D /* CameraRoueter.swift in Sources */ = {isa = PBXBuildFile; fileRef = 630908552667F85D005CC22D /* CameraRoueter.swift */; };
		6315857026675AB5006E60EA /* AppDelegate.swift in Sources */ = {isa = PBXBuildFile; fileRef = 6315856F26675AB5006E60EA /* AppDelegate.swift */; };
		6315857926675AB7006E60EA /* Assets.xcassets in Resources */ = {isa = PBXBuildFile; fileRef = 6315857826675AB7006E60EA /* Assets.xcassets */; };
		6315857C26675AB7006E60EA /* LaunchScreen.storyboard in Resources */ = {isa = PBXBuildFile; fileRef = 6315857A26675AB7006E60EA /* LaunchScreen.storyboard */; };
		6315858926675C8D006E60EA /* Camera.storyboard in Resources */ = {isa = PBXBuildFile; fileRef = 6315858826675C8D006E60EA /* Camera.storyboard */; };
		6315858C26675D01006E60EA /* ScreenBuilder.swift in Sources */ = {isa = PBXBuildFile; fileRef = 6315858B26675D01006E60EA /* ScreenBuilder.swift */; };
		6315858E26675D11006E60EA /* ScreenBuilder+Camera.swift in Sources */ = {isa = PBXBuildFile; fileRef = 6315858D26675D11006E60EA /* ScreenBuilder+Camera.swift */; };
		6315859126675DA8006E60EA /* NibInstantiatable.swift in Sources */ = {isa = PBXBuildFile; fileRef = 6315859026675DA8006E60EA /* NibInstantiatable.swift */; };
		6315859326675DBA006E60EA /* Identifiable.swift in Sources */ = {isa = PBXBuildFile; fileRef = 6315859226675DBA006E60EA /* Identifiable.swift */; };
		6315859526675DCA006E60EA /* StoryboardInstantiatable.swift in Sources */ = {isa = PBXBuildFile; fileRef = 6315859426675DCA006E60EA /* StoryboardInstantiatable.swift */; };
		631585972667604A006E60EA /* CameraVM.swift in Sources */ = {isa = PBXBuildFile; fileRef = 631585962667604A006E60EA /* CameraVM.swift */; };
		6315859926676152006E60EA /* Bound.swift in Sources */ = {isa = PBXBuildFile; fileRef = 6315859826676152006E60EA /* Bound.swift */; };
		6315859D266764D5006E60EA /* Storyboard+Name.swift in Sources */ = {isa = PBXBuildFile; fileRef = 6315859C266764D5006E60EA /* Storyboard+Name.swift */; };
		6319CE5D267BA4A100AF6082 /* AWSS3Service.swift in Sources */ = {isa = PBXBuildFile; fileRef = 6319CE5C267BA4A100AF6082 /* AWSS3Service.swift */; };
		631C4A3626711FD600765660 /* UIColor+Names.swift in Sources */ = {isa = PBXBuildFile; fileRef = 631C4A3526711FD600765660 /* UIColor+Names.swift */; };
		631C4A392671221000765660 /* PhotosList.storyboard in Resources */ = {isa = PBXBuildFile; fileRef = 631C4A382671221000765660 /* PhotosList.storyboard */; };
		631C4A3B2671221F00765660 /* PhotosListViewController.swift in Sources */ = {isa = PBXBuildFile; fileRef = 631C4A3A2671221F00765660 /* PhotosListViewController.swift */; };
		631C4A3D2671231800765660 /* ImageCollectionViewCell.xib in Resources */ = {isa = PBXBuildFile; fileRef = 631C4A3C2671231800765660 /* ImageCollectionViewCell.xib */; };
		631C4A3F2671236900765660 /* ImageCollectionViewCell.swift in Sources */ = {isa = PBXBuildFile; fileRef = 631C4A3E2671236900765660 /* ImageCollectionViewCell.swift */; };
		631C4A422671247E00765660 /* PhotosListVM.swift in Sources */ = {isa = PBXBuildFile; fileRef = 631C4A412671247E00765660 /* PhotosListVM.swift */; };
		631C4A442671254E00765660 /* ScreenBuilder+PhotosList.swift in Sources */ = {isa = PBXBuildFile; fileRef = 631C4A432671254E00765660 /* ScreenBuilder+PhotosList.swift */; };
		631C4A462671289100765660 /* UIDevice+Model.swift in Sources */ = {isa = PBXBuildFile; fileRef = 631C4A452671289100765660 /* UIDevice+Model.swift */; };
		632576BE266DFF6800B55E27 /* USVPickerView.swift in Sources */ = {isa = PBXBuildFile; fileRef = 632576BD266DFF6800B55E27 /* USVPickerView.swift */; };
		632576C0266DFFA300B55E27 /* SliderView.swift in Sources */ = {isa = PBXBuildFile; fileRef = 632576BF266DFFA300B55E27 /* SliderView.swift */; };
		632576C6266EAFCB00B55E27 /* CameraSDK.swift in Sources */ = {isa = PBXBuildFile; fileRef = 632576C5266EAFCB00B55E27 /* CameraSDK.swift */; };
		632576C8266EB14100B55E27 /* BrigtnessSeries.swift in Sources */ = {isa = PBXBuildFile; fileRef = 632576C7266EB14100B55E27 /* BrigtnessSeries.swift */; };
		632576CA266EB4DA00B55E27 /* WhiteBalanceSliderView.swift in Sources */ = {isa = PBXBuildFile; fileRef = 632576C9266EB4DA00B55E27 /* WhiteBalanceSliderView.swift */; };
		63530157267D16D200119AE0 /* FramingService.swift in Sources */ = {isa = PBXBuildFile; fileRef = 63530156267D16D200119AE0 /* FramingService.swift */; };
		6382A711267336A5009C7254 /* PhotosListRouter.swift in Sources */ = {isa = PBXBuildFile; fileRef = 6382A710267336A5009C7254 /* PhotosListRouter.swift */; };
		63AB5858267345E000B0D104 /* CameraViewController.swift in Sources */ = {isa = PBXBuildFile; fileRef = 63AB5857267345E000B0D104 /* CameraViewController.swift */; };
		63AB585A2673465B00B0D104 /* OvalOverlayView.swift in Sources */ = {isa = PBXBuildFile; fileRef = 63AB58592673465B00B0D104 /* OvalOverlayView.swift */; };
		63AD3E982677DDE1007D87E8 /* ListPickerView.swift in Sources */ = {isa = PBXBuildFile; fileRef = 63AD3E972677DDE1007D87E8 /* ListPickerView.swift */; };
		63AD3E9A267890CC007D87E8 /* UIDevice+ScreenSize.swift in Sources */ = {isa = PBXBuildFile; fileRef = 63AD3E99267890CC007D87E8 /* UIDevice+ScreenSize.swift */; };
/* End PBXBuildFile section */

/* Begin PBXFileReference section */
		45D943B92752F14B43E8410A /* Pods_camera_poc.framework */ = {isa = PBXFileReference; explicitFileType = wrapper.framework; includeInIndex = 0; path = Pods_camera_poc.framework; sourceTree = BUILT_PRODUCTS_DIR; };
		49612CDABF1A8241A819507E /* Pods-camera-poc.release.xcconfig */ = {isa = PBXFileReference; includeInIndex = 1; lastKnownFileType = text.xcconfig; name = "Pods-camera-poc.release.xcconfig"; path = "Target Support Files/Pods-camera-poc/Pods-camera-poc.release.xcconfig"; sourceTree = "<group>"; };
		630908532667F51E005CC22D /* CameraPreviewView.swift */ = {isa = PBXFileReference; lastKnownFileType = sourcecode.swift; path = CameraPreviewView.swift; sourceTree = "<group>"; };
		630908552667F85D005CC22D /* CameraRoueter.swift */ = {isa = PBXFileReference; lastKnownFileType = sourcecode.swift; path = CameraRoueter.swift; sourceTree = "<group>"; };
		6315856C26675AB5006E60EA /* camera-poc.app */ = {isa = PBXFileReference; explicitFileType = wrapper.application; includeInIndex = 0; path = "camera-poc.app"; sourceTree = BUILT_PRODUCTS_DIR; };
		6315856F26675AB5006E60EA /* AppDelegate.swift */ = {isa = PBXFileReference; lastKnownFileType = sourcecode.swift; path = AppDelegate.swift; sourceTree = "<group>"; };
		6315857826675AB7006E60EA /* Assets.xcassets */ = {isa = PBXFileReference; lastKnownFileType = folder.assetcatalog; path = Assets.xcassets; sourceTree = "<group>"; };
		6315857B26675AB7006E60EA /* Base */ = {isa = PBXFileReference; lastKnownFileType = file.storyboard; name = Base; path = Base.lproj/LaunchScreen.storyboard; sourceTree = "<group>"; };
		6315857D26675AB7006E60EA /* Info.plist */ = {isa = PBXFileReference; lastKnownFileType = text.plist.xml; path = Info.plist; sourceTree = "<group>"; };
		6315858826675C8D006E60EA /* Camera.storyboard */ = {isa = PBXFileReference; lastKnownFileType = file.storyboard; path = Camera.storyboard; sourceTree = "<group>"; };
		6315858B26675D01006E60EA /* ScreenBuilder.swift */ = {isa = PBXFileReference; lastKnownFileType = sourcecode.swift; path = ScreenBuilder.swift; sourceTree = "<group>"; };
		6315858D26675D11006E60EA /* ScreenBuilder+Camera.swift */ = {isa = PBXFileReference; lastKnownFileType = sourcecode.swift; path = "ScreenBuilder+Camera.swift"; sourceTree = "<group>"; };
		6315859026675DA8006E60EA /* NibInstantiatable.swift */ = {isa = PBXFileReference; lastKnownFileType = sourcecode.swift; path = NibInstantiatable.swift; sourceTree = "<group>"; };
		6315859226675DBA006E60EA /* Identifiable.swift */ = {isa = PBXFileReference; lastKnownFileType = sourcecode.swift; path = Identifiable.swift; sourceTree = "<group>"; };
		6315859426675DCA006E60EA /* StoryboardInstantiatable.swift */ = {isa = PBXFileReference; lastKnownFileType = sourcecode.swift; path = StoryboardInstantiatable.swift; sourceTree = "<group>"; };
		631585962667604A006E60EA /* CameraVM.swift */ = {isa = PBXFileReference; lastKnownFileType = sourcecode.swift; path = CameraVM.swift; sourceTree = "<group>"; };
		6315859826676152006E60EA /* Bound.swift */ = {isa = PBXFileReference; lastKnownFileType = sourcecode.swift; path = Bound.swift; sourceTree = "<group>"; };
		6315859C266764D5006E60EA /* Storyboard+Name.swift */ = {isa = PBXFileReference; lastKnownFileType = sourcecode.swift; path = "Storyboard+Name.swift"; sourceTree = "<group>"; };
		6319CE5C267BA4A100AF6082 /* AWSS3Service.swift */ = {isa = PBXFileReference; lastKnownFileType = sourcecode.swift; path = AWSS3Service.swift; sourceTree = "<group>"; };
		631C4A3526711FD600765660 /* UIColor+Names.swift */ = {isa = PBXFileReference; lastKnownFileType = sourcecode.swift; path = "UIColor+Names.swift"; sourceTree = "<group>"; };
		631C4A382671221000765660 /* PhotosList.storyboard */ = {isa = PBXFileReference; lastKnownFileType = file.storyboard; path = PhotosList.storyboard; sourceTree = "<group>"; };
		631C4A3A2671221F00765660 /* PhotosListViewController.swift */ = {isa = PBXFileReference; lastKnownFileType = sourcecode.swift; path = PhotosListViewController.swift; sourceTree = "<group>"; };
		631C4A3C2671231800765660 /* ImageCollectionViewCell.xib */ = {isa = PBXFileReference; lastKnownFileType = file.xib; path = ImageCollectionViewCell.xib; sourceTree = "<group>"; };
		631C4A3E2671236900765660 /* ImageCollectionViewCell.swift */ = {isa = PBXFileReference; lastKnownFileType = sourcecode.swift; path = ImageCollectionViewCell.swift; sourceTree = "<group>"; };
		631C4A412671247E00765660 /* PhotosListVM.swift */ = {isa = PBXFileReference; lastKnownFileType = sourcecode.swift; path = PhotosListVM.swift; sourceTree = "<group>"; };
		631C4A432671254E00765660 /* ScreenBuilder+PhotosList.swift */ = {isa = PBXFileReference; lastKnownFileType = sourcecode.swift; path = "ScreenBuilder+PhotosList.swift"; sourceTree = "<group>"; };
		631C4A452671289100765660 /* UIDevice+Model.swift */ = {isa = PBXFileReference; lastKnownFileType = sourcecode.swift; path = "UIDevice+Model.swift"; sourceTree = "<group>"; };
		632576BD266DFF6800B55E27 /* USVPickerView.swift */ = {isa = PBXFileReference; lastKnownFileType = sourcecode.swift; path = USVPickerView.swift; sourceTree = "<group>"; };
		632576BF266DFFA300B55E27 /* SliderView.swift */ = {isa = PBXFileReference; lastKnownFileType = sourcecode.swift; path = SliderView.swift; sourceTree = "<group>"; };
		632576C5266EAFCB00B55E27 /* CameraSDK.swift */ = {isa = PBXFileReference; lastKnownFileType = sourcecode.swift; path = CameraSDK.swift; sourceTree = "<group>"; };
		632576C7266EB14100B55E27 /* BrigtnessSeries.swift */ = {isa = PBXFileReference; lastKnownFileType = sourcecode.swift; path = BrigtnessSeries.swift; sourceTree = "<group>"; };
		632576C9266EB4DA00B55E27 /* WhiteBalanceSliderView.swift */ = {isa = PBXFileReference; lastKnownFileType = sourcecode.swift; path = WhiteBalanceSliderView.swift; sourceTree = "<group>"; };
		63530156267D16D200119AE0 /* FramingService.swift */ = {isa = PBXFileReference; lastKnownFileType = sourcecode.swift; path = FramingService.swift; sourceTree = "<group>"; };
		6382A710267336A5009C7254 /* PhotosListRouter.swift */ = {isa = PBXFileReference; lastKnownFileType = sourcecode.swift; path = PhotosListRouter.swift; sourceTree = "<group>"; };
		63AB5857267345E000B0D104 /* CameraViewController.swift */ = {isa = PBXFileReference; fileEncoding = 4; lastKnownFileType = sourcecode.swift; path = CameraViewController.swift; sourceTree = "<group>"; };
		63AB58592673465B00B0D104 /* OvalOverlayView.swift */ = {isa = PBXFileReference; lastKnownFileType = sourcecode.swift; path = OvalOverlayView.swift; sourceTree = "<group>"; };
		63AD3E972677DDE1007D87E8 /* ListPickerView.swift */ = {isa = PBXFileReference; lastKnownFileType = sourcecode.swift; path = ListPickerView.swift; sourceTree = "<group>"; };
		63AD3E99267890CC007D87E8 /* UIDevice+ScreenSize.swift */ = {isa = PBXFileReference; lastKnownFileType = sourcecode.swift; path = "UIDevice+ScreenSize.swift"; sourceTree = "<group>"; };
		BE9086BA37838834834F34BF /* Pods-camera-poc.debug.xcconfig */ = {isa = PBXFileReference; includeInIndex = 1; lastKnownFileType = text.xcconfig; name = "Pods-camera-poc.debug.xcconfig"; path = "Target Support Files/Pods-camera-poc/Pods-camera-poc.debug.xcconfig"; sourceTree = "<group>"; };
/* End PBXFileReference section */

/* Begin PBXFrameworksBuildPhase section */
		6315856926675AB5006E60EA /* Frameworks */ = {
			isa = PBXFrameworksBuildPhase;
			buildActionMask = 2147483647;
			files = (
				22EB4052A537031A48C97AB2 /* Pods_camera_poc.framework in Frameworks */,
			);
			runOnlyForDeploymentPostprocessing = 0;
		};
/* End PBXFrameworksBuildPhase section */

/* Begin PBXGroup section */
		6315856326675AB5006E60EA = {
			isa = PBXGroup;
			children = (
				6315856E26675AB5006E60EA /* camera-poc */,
				6315856D26675AB5006E60EA /* Products */,
				F3E38A2A556746F7FB47661D /* Pods */,
				9134CCCE65E71056753F5E01 /* Frameworks */,
			);
			sourceTree = "<group>";
		};
		6315856D26675AB5006E60EA /* Products */ = {
			isa = PBXGroup;
			children = (
				6315856C26675AB5006E60EA /* camera-poc.app */,
			);
			name = Products;
			sourceTree = "<group>";
		};
		6315856E26675AB5006E60EA /* camera-poc */ = {
			isa = PBXGroup;
			children = (
				6315858426675C5B006E60EA /* Common Services */,
				6315858326675C52006E60EA /* Screens */,
				6315856F26675AB5006E60EA /* AppDelegate.swift */,
				6315857826675AB7006E60EA /* Assets.xcassets */,
				6315857A26675AB7006E60EA /* LaunchScreen.storyboard */,
				6315857D26675AB7006E60EA /* Info.plist */,
			);
			path = "camera-poc";
			sourceTree = "<group>";
		};
		6315858326675C52006E60EA /* Screens */ = {
			isa = PBXGroup;
			children = (
				631C4A37267121D600765660 /* Photos List */,
				6315858526675C65006E60EA /* Camera */,
			);
			path = Screens;
			sourceTree = "<group>";
		};
		6315858426675C5B006E60EA /* Common Services */ = {
			isa = PBXGroup;
			children = (
				6315858F26675D79006E60EA /* Extensions */,
				6315858A26675CD5006E60EA /* Screen Builder */,
				6315859826676152006E60EA /* Bound.swift */,
				632576C7266EB14100B55E27 /* BrigtnessSeries.swift */,
				6319CE5C267BA4A100AF6082 /* AWSS3Service.swift */,
				63530156267D16D200119AE0 /* FramingService.swift */,
			);
			path = "Common Services";
			sourceTree = "<group>";
		};
		6315858526675C65006E60EA /* Camera */ = {
			isa = PBXGroup;
			children = (
				632576BC266DFEF900B55E27 /* Views */,
				6315858826675C8D006E60EA /* Camera.storyboard */,
				631585962667604A006E60EA /* CameraVM.swift */,
				63AB5857267345E000B0D104 /* CameraViewController.swift */,
				630908552667F85D005CC22D /* CameraRoueter.swift */,
				630908532667F51E005CC22D /* CameraPreviewView.swift */,
				632576C5266EAFCB00B55E27 /* CameraSDK.swift */,
				63AB58592673465B00B0D104 /* OvalOverlayView.swift */,
			);
			path = Camera;
			sourceTree = "<group>";
		};
		6315858A26675CD5006E60EA /* Screen Builder */ = {
			isa = PBXGroup;
			children = (
				6315858B26675D01006E60EA /* ScreenBuilder.swift */,
				6315858D26675D11006E60EA /* ScreenBuilder+Camera.swift */,
				631C4A432671254E00765660 /* ScreenBuilder+PhotosList.swift */,
			);
			path = "Screen Builder";
			sourceTree = "<group>";
		};
		6315858F26675D79006E60EA /* Extensions */ = {
			isa = PBXGroup;
			children = (
				6315859026675DA8006E60EA /* NibInstantiatable.swift */,
				6315859226675DBA006E60EA /* Identifiable.swift */,
				6315859426675DCA006E60EA /* StoryboardInstantiatable.swift */,
				6315859C266764D5006E60EA /* Storyboard+Name.swift */,
				631C4A3526711FD600765660 /* UIColor+Names.swift */,
				631C4A452671289100765660 /* UIDevice+Model.swift */,
				63AD3E99267890CC007D87E8 /* UIDevice+ScreenSize.swift */,
			);
			path = Extensions;
			sourceTree = "<group>";
		};
		631C4A37267121D600765660 /* Photos List */ = {
			isa = PBXGroup;
			children = (
				631C4A40267123B800765660 /* Cells */,
				631C4A382671221000765660 /* PhotosList.storyboard */,
				631C4A3A2671221F00765660 /* PhotosListViewController.swift */,
				631C4A412671247E00765660 /* PhotosListVM.swift */,
				6382A710267336A5009C7254 /* PhotosListRouter.swift */,
			);
			path = "Photos List";
			sourceTree = "<group>";
		};
		631C4A40267123B800765660 /* Cells */ = {
			isa = PBXGroup;
			children = (
				631C4A3C2671231800765660 /* ImageCollectionViewCell.xib */,
				631C4A3E2671236900765660 /* ImageCollectionViewCell.swift */,
			);
			path = Cells;
			sourceTree = "<group>";
		};
		632576BC266DFEF900B55E27 /* Views */ = {
			isa = PBXGroup;
			children = (
				632576BD266DFF6800B55E27 /* USVPickerView.swift */,
				632576BF266DFFA300B55E27 /* SliderView.swift */,
				632576C9266EB4DA00B55E27 /* WhiteBalanceSliderView.swift */,
				63AD3E972677DDE1007D87E8 /* ListPickerView.swift */,
			);
			path = Views;
			sourceTree = "<group>";
		};
		9134CCCE65E71056753F5E01 /* Frameworks */ = {
			isa = PBXGroup;
			children = (
				45D943B92752F14B43E8410A /* Pods_camera_poc.framework */,
			);
			name = Frameworks;
			sourceTree = "<group>";
		};
		F3E38A2A556746F7FB47661D /* Pods */ = {
			isa = PBXGroup;
			children = (
				BE9086BA37838834834F34BF /* Pods-camera-poc.debug.xcconfig */,
				49612CDABF1A8241A819507E /* Pods-camera-poc.release.xcconfig */,
			);
			path = Pods;
			sourceTree = "<group>";
		};
/* End PBXGroup section */

/* Begin PBXNativeTarget section */
		6315856B26675AB5006E60EA /* camera-poc */ = {
			isa = PBXNativeTarget;
			buildConfigurationList = 6315858026675AB7006E60EA /* Build configuration list for PBXNativeTarget "camera-poc" */;
			buildPhases = (
				5C2CA7B197D3757CA339BF01 /* [CP] Check Pods Manifest.lock */,
				6315856826675AB5006E60EA /* Sources */,
				6315856926675AB5006E60EA /* Frameworks */,
				6315856A26675AB5006E60EA /* Resources */,
				4437CD608EA38094BEC3E037 /* [CP] Embed Pods Frameworks */,
			);
			buildRules = (
			);
			dependencies = (
			);
			name = "camera-poc";
			productName = "camera-poc";
			productReference = 6315856C26675AB5006E60EA /* camera-poc.app */;
			productType = "com.apple.product-type.application";
		};
/* End PBXNativeTarget section */

/* Begin PBXProject section */
		6315856426675AB5006E60EA /* Project object */ = {
			isa = PBXProject;
			attributes = {
				LastSwiftUpdateCheck = 1250;
				LastUpgradeCheck = 1250;
				TargetAttributes = {
					6315856B26675AB5006E60EA = {
						CreatedOnToolsVersion = 12.5;
					};
				};
			};
			buildConfigurationList = 6315856726675AB5006E60EA /* Build configuration list for PBXProject "camera-poc" */;
			compatibilityVersion = "Xcode 9.3";
			developmentRegion = en;
			hasScannedForEncodings = 0;
			knownRegions = (
				en,
				Base,
			);
			mainGroup = 6315856326675AB5006E60EA;
			productRefGroup = 6315856D26675AB5006E60EA /* Products */;
			projectDirPath = "";
			projectRoot = "";
			targets = (
				6315856B26675AB5006E60EA /* camera-poc */,
			);
		};
/* End PBXProject section */

/* Begin PBXResourcesBuildPhase section */
		6315856A26675AB5006E60EA /* Resources */ = {
			isa = PBXResourcesBuildPhase;
			buildActionMask = 2147483647;
			files = (
				6315857C26675AB7006E60EA /* LaunchScreen.storyboard in Resources */,
				631C4A392671221000765660 /* PhotosList.storyboard in Resources */,
				6315858926675C8D006E60EA /* Camera.storyboard in Resources */,
				6315857926675AB7006E60EA /* Assets.xcassets in Resources */,
				631C4A3D2671231800765660 /* ImageCollectionViewCell.xib in Resources */,
			);
			runOnlyForDeploymentPostprocessing = 0;
		};
/* End PBXResourcesBuildPhase section */

/* Begin PBXShellScriptBuildPhase section */
		4437CD608EA38094BEC3E037 /* [CP] Embed Pods Frameworks */ = {
			isa = PBXShellScriptBuildPhase;
			buildActionMask = 2147483647;
			files = (
			);
			inputFileListPaths = (
				"${PODS_ROOT}/Target Support Files/Pods-camera-poc/Pods-camera-poc-frameworks-${CONFIGURATION}-input-files.xcfilelist",
			);
			name = "[CP] Embed Pods Frameworks";
			outputFileListPaths = (
				"${PODS_ROOT}/Target Support Files/Pods-camera-poc/Pods-camera-poc-frameworks-${CONFIGURATION}-output-files.xcfilelist",
			);
			runOnlyForDeploymentPostprocessing = 0;
			shellPath = /bin/sh;
			shellScript = "\"${PODS_ROOT}/Target Support Files/Pods-camera-poc/Pods-camera-poc-frameworks.sh\"\n";
			showEnvVarsInLog = 0;
		};
		5C2CA7B197D3757CA339BF01 /* [CP] Check Pods Manifest.lock */ = {
			isa = PBXShellScriptBuildPhase;
			buildActionMask = 2147483647;
			files = (
			);
			inputFileListPaths = (
			);
			inputPaths = (
				"${PODS_PODFILE_DIR_PATH}/Podfile.lock",
				"${PODS_ROOT}/Manifest.lock",
			);
			name = "[CP] Check Pods Manifest.lock";
			outputFileListPaths = (
			);
			outputPaths = (
				"$(DERIVED_FILE_DIR)/Pods-camera-poc-checkManifestLockResult.txt",
			);
			runOnlyForDeploymentPostprocessing = 0;
			shellPath = /bin/sh;
			shellScript = "diff \"${PODS_PODFILE_DIR_PATH}/Podfile.lock\" \"${PODS_ROOT}/Manifest.lock\" > /dev/null\nif [ $? != 0 ] ; then\n    # print error to STDERR\n    echo \"error: The sandbox is not in sync with the Podfile.lock. Run 'pod install' or update your CocoaPods installation.\" >&2\n    exit 1\nfi\n# This output is used by Xcode 'outputs' to avoid re-running this script phase.\necho \"SUCCESS\" > \"${SCRIPT_OUTPUT_FILE_0}\"\n";
			showEnvVarsInLog = 0;
		};
/* End PBXShellScriptBuildPhase section */

/* Begin PBXSourcesBuildPhase section */
		6315856826675AB5006E60EA /* Sources */ = {
			isa = PBXSourcesBuildPhase;
			buildActionMask = 2147483647;
			files = (
				6315858C26675D01006E60EA /* ScreenBuilder.swift in Sources */,
				6315859326675DBA006E60EA /* Identifiable.swift in Sources */,
				632576CA266EB4DA00B55E27 /* WhiteBalanceSliderView.swift in Sources */,
				6315859926676152006E60EA /* Bound.swift in Sources */,
				63AB585A2673465B00B0D104 /* OvalOverlayView.swift in Sources */,
				6315857026675AB5006E60EA /* AppDelegate.swift in Sources */,
				63AB5858267345E000B0D104 /* CameraViewController.swift in Sources */,
				630908542667F51E005CC22D /* CameraPreviewView.swift in Sources */,
				631C4A3F2671236900765660 /* ImageCollectionViewCell.swift in Sources */,
				630908562667F85D005CC22D /* CameraRoueter.swift in Sources */,
				632576C6266EAFCB00B55E27 /* CameraSDK.swift in Sources */,
				6315859526675DCA006E60EA /* StoryboardInstantiatable.swift in Sources */,
				6315859D266764D5006E60EA /* Storyboard+Name.swift in Sources */,
				6315859126675DA8006E60EA /* NibInstantiatable.swift in Sources */,
				631585972667604A006E60EA /* CameraVM.swift in Sources */,
				63530157267D16D200119AE0 /* FramingService.swift in Sources */,
				632576BE266DFF6800B55E27 /* USVPickerView.swift in Sources */,
				63AD3E9A267890CC007D87E8 /* UIDevice+ScreenSize.swift in Sources */,
				632576C8266EB14100B55E27 /* BrigtnessSeries.swift in Sources */,
				631C4A3B2671221F00765660 /* PhotosListViewController.swift in Sources */,
				6319CE5D267BA4A100AF6082 /* AWSS3Service.swift in Sources */,
				631C4A462671289100765660 /* UIDevice+Model.swift in Sources */,
				631C4A422671247E00765660 /* PhotosListVM.swift in Sources */,
				6382A711267336A5009C7254 /* PhotosListRouter.swift in Sources */,
				6315858E26675D11006E60EA /* ScreenBuilder+Camera.swift in Sources */,
				631C4A3626711FD600765660 /* UIColor+Names.swift in Sources */,
				63AD3E982677DDE1007D87E8 /* ListPickerView.swift in Sources */,
				631C4A442671254E00765660 /* ScreenBuilder+PhotosList.swift in Sources */,
				632576C0266DFFA300B55E27 /* SliderView.swift in Sources */,
			);
			runOnlyForDeploymentPostprocessing = 0;
		};
/* End PBXSourcesBuildPhase section */

/* Begin PBXVariantGroup section */
		6315857A26675AB7006E60EA /* LaunchScreen.storyboard */ = {
			isa = PBXVariantGroup;
			children = (
				6315857B26675AB7006E60EA /* Base */,
			);
			name = LaunchScreen.storyboard;
			sourceTree = "<group>";
		};
/* End PBXVariantGroup section */

/* Begin XCBuildConfiguration section */
		6315857E26675AB7006E60EA /* Debug */ = {
			isa = XCBuildConfiguration;
			buildSettings = {
				ALWAYS_SEARCH_USER_PATHS = NO;
				CLANG_ANALYZER_NONNULL = YES;
				CLANG_ANALYZER_NUMBER_OBJECT_CONVERSION = YES_AGGRESSIVE;
				CLANG_CXX_LANGUAGE_STANDARD = "gnu++14";
				CLANG_CXX_LIBRARY = "libc++";
				CLANG_ENABLE_MODULES = YES;
				CLANG_ENABLE_OBJC_ARC = YES;
				CLANG_ENABLE_OBJC_WEAK = YES;
				CLANG_WARN_BLOCK_CAPTURE_AUTORELEASING = YES;
				CLANG_WARN_BOOL_CONVERSION = YES;
				CLANG_WARN_COMMA = YES;
				CLANG_WARN_CONSTANT_CONVERSION = YES;
				CLANG_WARN_DEPRECATED_OBJC_IMPLEMENTATIONS = YES;
				CLANG_WARN_DIRECT_OBJC_ISA_USAGE = YES_ERROR;
				CLANG_WARN_DOCUMENTATION_COMMENTS = YES;
				CLANG_WARN_EMPTY_BODY = YES;
				CLANG_WARN_ENUM_CONVERSION = YES;
				CLANG_WARN_INFINITE_RECURSION = YES;
				CLANG_WARN_INT_CONVERSION = YES;
				CLANG_WARN_NON_LITERAL_NULL_CONVERSION = YES;
				CLANG_WARN_OBJC_IMPLICIT_RETAIN_SELF = YES;
				CLANG_WARN_OBJC_LITERAL_CONVERSION = YES;
				CLANG_WARN_OBJC_ROOT_CLASS = YES_ERROR;
				CLANG_WARN_QUOTED_INCLUDE_IN_FRAMEWORK_HEADER = YES;
				CLANG_WARN_RANGE_LOOP_ANALYSIS = YES;
				CLANG_WARN_STRICT_PROTOTYPES = YES;
				CLANG_WARN_SUSPICIOUS_MOVE = YES;
				CLANG_WARN_UNGUARDED_AVAILABILITY = YES_AGGRESSIVE;
				CLANG_WARN_UNREACHABLE_CODE = YES;
				CLANG_WARN__DUPLICATE_METHOD_MATCH = YES;
				COPY_PHASE_STRIP = NO;
				DEBUG_INFORMATION_FORMAT = dwarf;
				ENABLE_STRICT_OBJC_MSGSEND = YES;
				ENABLE_TESTABILITY = YES;
				GCC_C_LANGUAGE_STANDARD = gnu11;
				GCC_DYNAMIC_NO_PIC = NO;
				GCC_NO_COMMON_BLOCKS = YES;
				GCC_OPTIMIZATION_LEVEL = 0;
				GCC_PREPROCESSOR_DEFINITIONS = (
					"DEBUG=1",
					"$(inherited)",
				);
				GCC_WARN_64_TO_32_BIT_CONVERSION = YES;
				GCC_WARN_ABOUT_RETURN_TYPE = YES_ERROR;
				GCC_WARN_UNDECLARED_SELECTOR = YES;
				GCC_WARN_UNINITIALIZED_AUTOS = YES_AGGRESSIVE;
				GCC_WARN_UNUSED_FUNCTION = YES;
				GCC_WARN_UNUSED_VARIABLE = YES;
				IPHONEOS_DEPLOYMENT_TARGET = 14.5;
				MTL_ENABLE_DEBUG_INFO = INCLUDE_SOURCE;
				MTL_FAST_MATH = YES;
				ONLY_ACTIVE_ARCH = YES;
				SDKROOT = iphoneos;
				SWIFT_ACTIVE_COMPILATION_CONDITIONS = DEBUG;
				SWIFT_OPTIMIZATION_LEVEL = "-Onone";
			};
			name = Debug;
		};
		6315857F26675AB7006E60EA /* Release */ = {
			isa = XCBuildConfiguration;
			buildSettings = {
				ALWAYS_SEARCH_USER_PATHS = NO;
				CLANG_ANALYZER_NONNULL = YES;
				CLANG_ANALYZER_NUMBER_OBJECT_CONVERSION = YES_AGGRESSIVE;
				CLANG_CXX_LANGUAGE_STANDARD = "gnu++14";
				CLANG_CXX_LIBRARY = "libc++";
				CLANG_ENABLE_MODULES = YES;
				CLANG_ENABLE_OBJC_ARC = YES;
				CLANG_ENABLE_OBJC_WEAK = YES;
				CLANG_WARN_BLOCK_CAPTURE_AUTORELEASING = YES;
				CLANG_WARN_BOOL_CONVERSION = YES;
				CLANG_WARN_COMMA = YES;
				CLANG_WARN_CONSTANT_CONVERSION = YES;
				CLANG_WARN_DEPRECATED_OBJC_IMPLEMENTATIONS = YES;
				CLANG_WARN_DIRECT_OBJC_ISA_USAGE = YES_ERROR;
				CLANG_WARN_DOCUMENTATION_COMMENTS = YES;
				CLANG_WARN_EMPTY_BODY = YES;
				CLANG_WARN_ENUM_CONVERSION = YES;
				CLANG_WARN_INFINITE_RECURSION = YES;
				CLANG_WARN_INT_CONVERSION = YES;
				CLANG_WARN_NON_LITERAL_NULL_CONVERSION = YES;
				CLANG_WARN_OBJC_IMPLICIT_RETAIN_SELF = YES;
				CLANG_WARN_OBJC_LITERAL_CONVERSION = YES;
				CLANG_WARN_OBJC_ROOT_CLASS = YES_ERROR;
				CLANG_WARN_QUOTED_INCLUDE_IN_FRAMEWORK_HEADER = YES;
				CLANG_WARN_RANGE_LOOP_ANALYSIS = YES;
				CLANG_WARN_STRICT_PROTOTYPES = YES;
				CLANG_WARN_SUSPICIOUS_MOVE = YES;
				CLANG_WARN_UNGUARDED_AVAILABILITY = YES_AGGRESSIVE;
				CLANG_WARN_UNREACHABLE_CODE = YES;
				CLANG_WARN__DUPLICATE_METHOD_MATCH = YES;
				COPY_PHASE_STRIP = NO;
				DEBUG_INFORMATION_FORMAT = "dwarf-with-dsym";
				ENABLE_NS_ASSERTIONS = NO;
				ENABLE_STRICT_OBJC_MSGSEND = YES;
				GCC_C_LANGUAGE_STANDARD = gnu11;
				GCC_NO_COMMON_BLOCKS = YES;
				GCC_WARN_64_TO_32_BIT_CONVERSION = YES;
				GCC_WARN_ABOUT_RETURN_TYPE = YES_ERROR;
				GCC_WARN_UNDECLARED_SELECTOR = YES;
				GCC_WARN_UNINITIALIZED_AUTOS = YES_AGGRESSIVE;
				GCC_WARN_UNUSED_FUNCTION = YES;
				GCC_WARN_UNUSED_VARIABLE = YES;
				IPHONEOS_DEPLOYMENT_TARGET = 14.5;
				MTL_ENABLE_DEBUG_INFO = NO;
				MTL_FAST_MATH = YES;
				SDKROOT = iphoneos;
				SWIFT_COMPILATION_MODE = wholemodule;
				SWIFT_OPTIMIZATION_LEVEL = "-O";
				VALIDATE_PRODUCT = YES;
			};
			name = Release;
		};
		6315858126675AB7006E60EA /* Debug */ = {
			isa = XCBuildConfiguration;
			baseConfigurationReference = BE9086BA37838834834F34BF /* Pods-camera-poc.debug.xcconfig */;
			buildSettings = {
				ASSETCATALOG_COMPILER_APPICON_NAME = AppIcon;
				ASSETCATALOG_COMPILER_GLOBAL_ACCENT_COLOR_NAME = AccentColor;
				CODE_SIGN_ENTITLEMENTS = "camera-poc/camera-poc.entitlements";
				CODE_SIGN_STYLE = Automatic;
				CURRENT_PROJECT_VERSION = 9;
				DEVELOPMENT_TEAM = Z5G3WDJ23W;
				INFOPLIST_FILE = "camera-poc/Info.plist";
				IPHONEOS_DEPLOYMENT_TARGET = 12.0;
				LD_RUNPATH_SEARCH_PATHS = (
					"$(inherited)",
					"@executable_path/Frameworks",
				);
				PRODUCT_BUNDLE_IDENTIFIER = "com.chernyshenko.camera-poc";
				PRODUCT_NAME = "$(TARGET_NAME)";
				SWIFT_VERSION = 5.0;
				TARGETED_DEVICE_FAMILY = 1;
			};
			name = Debug;
		};
		6315858226675AB7006E60EA /* Release */ = {
			isa = XCBuildConfiguration;
			baseConfigurationReference = 49612CDABF1A8241A819507E /* Pods-camera-poc.release.xcconfig */;
			buildSettings = {
				ASSETCATALOG_COMPILER_APPICON_NAME = AppIcon;
				ASSETCATALOG_COMPILER_GLOBAL_ACCENT_COLOR_NAME = AccentColor;
				CODE_SIGN_ENTITLEMENTS = "camera-poc/camera-poc.entitlements";
				CODE_SIGN_STYLE = Automatic;
				CURRENT_PROJECT_VERSION = 9;
				DEVELOPMENT_TEAM = Z5G3WDJ23W;
				INFOPLIST_FILE = "camera-poc/Info.plist";
				IPHONEOS_DEPLOYMENT_TARGET = 12.0;
				LD_RUNPATH_SEARCH_PATHS = (
					"$(inherited)",
					"@executable_path/Frameworks",
				);
				PRODUCT_BUNDLE_IDENTIFIER = "com.chernyshenko.camera-poc";
				PRODUCT_NAME = "$(TARGET_NAME)";
				SWIFT_VERSION = 5.0;
				TARGETED_DEVICE_FAMILY = 1;
			};
			name = Release;
		};
/* End XCBuildConfiguration section */

/* Begin XCConfigurationList section */
		6315856726675AB5006E60EA /* Build configuration list for PBXProject "camera-poc" */ = {
			isa = XCConfigurationList;
			buildConfigurations = (
				6315857E26675AB7006E60EA /* Debug */,
				6315857F26675AB7006E60EA /* Release */,
			);
			defaultConfigurationIsVisible = 0;
			defaultConfigurationName = Release;
		};
		6315858026675AB7006E60EA /* Build configuration list for PBXNativeTarget "camera-poc" */ = {
			isa = XCConfigurationList;
			buildConfigurations = (
				6315858126675AB7006E60EA /* Debug */,
				6315858226675AB7006E60EA /* Release */,
			);
			defaultConfigurationIsVisible = 0;
			defaultConfigurationName = Release;
		};
/* End XCConfigurationList section */
	};
	rootObject = 6315856426675AB5006E60EA /* Project object */;
}
